
Microsoft Visual Studio Solution File, Format Version 12.00
# Visual Studio Version 17
VisualStudioVersion = 17.0.31903.59
MinimumVisualStudioVersion = 10.0.40219.1
Project("{FAE04EC0-301F-11D3-BF4B-00C04F79EFBC}") = "Jovi3DReview", "Jovi3DReview.csproj", "{63D30B95-EC2A-4E23-9D2F-6908C379D0E4}"
EndProject
Project("{FAE04EC0-301F-11D3-BF4B-00C04F79EFBC}") = "Jovi3DReview.Tests", "Jovi3DReview.Tests\Jovi3DReview.Tests.csproj", "{D09F34D0-DF22-4F59-BD25-9D8B20B41241}"
EndProject
Project("{54435603-DBB4-11D2-8724-00A0C9A8B90C}") = "build", "..\build\build.vdproj", "{3A1F5EC8-C14E-3BA5-EE44-B2E721F2DA81}"
EndProject
Global
	GlobalSection(SolutionConfigurationPlatforms) = preSolution
		Debug|Any CPU = Debug|Any CPU
		Debug|x64 = Debug|x64
		Debug|x86 = Debug|x86
		Release|Any CPU = Release|Any CPU
		Release|x64 = Release|x64
		Release|x86 = Release|x86
	EndGlobalSection
	GlobalSection(ProjectConfigurationPlatforms) = postSolution
		{63D30B95-EC2A-4E23-9D2F-6908C379D0E4}.Debug|Any CPU.ActiveCfg = Debug|Any CPU
		{63D30B95-EC2A-4E23-9D2F-6908C379D0E4}.Debug|Any CPU.Build.0 = Debug|Any CPU
		{63D30B95-EC2A-4E23-9D2F-6908C379D0E4}.Debug|x64.ActiveCfg = Debug|Any CPU
		{63D30B95-EC2A-4E23-9D2F-6908C379D0E4}.Debug|x64.Build.0 = Debug|Any CPU
		{63D30B95-EC2A-4E23-9D2F-6908C379D0E4}.Debug|x86.ActiveCfg = Debug|Any CPU
		{63D30B95-EC2A-4E23-9D2F-6908C379D0E4}.Debug|x86.Build.0 = Debug|Any CPU
		{63D30B95-EC2A-4E23-9D2F-6908C379D0E4}.Release|Any CPU.ActiveCfg = Release|Any CPU
		{63D30B95-EC2A-4E23-9D2F-6908C379D0E4}.Release|Any CPU.Build.0 = Release|Any CPU
		{63D30B95-EC2A-4E23-9D2F-6908C379D0E4}.Release|x64.ActiveCfg = Release|Any CPU
		{63D30B95-EC2A-4E23-9D2F-6908C379D0E4}.Release|x64.Build.0 = Release|Any CPU
		{63D30B95-EC2A-4E23-9D2F-6908C379D0E4}.Release|x86.ActiveCfg = Release|Any CPU
		{63D30B95-EC2A-4E23-9D2F-6908C379D0E4}.Release|x86.Build.0 = Release|Any CPU
		{D09F34D0-DF22-4F59-BD25-9D8B20B41241}.Debug|Any CPU.ActiveCfg = Debug|Any CPU
		{D09F34D0-DF22-4F59-BD25-9D8B20B41241}.Debug|Any CPU.Build.0 = Debug|Any CPU
		{D09F34D0-DF22-4F59-BD25-9D8B20B41241}.Debug|x64.ActiveCfg = Debug|Any CPU
		{D09F34D0-DF22-4F59-BD25-9D8B20B41241}.Debug|x64.Build.0 = Debug|Any CPU
		{D09F34D0-DF22-4F59-BD25-9D8B20B41241}.Debug|x86.ActiveCfg = Debug|Any CPU
		{D09F34D0-DF22-4F59-BD25-9D8B20B41241}.Debug|x86.Build.0 = Debug|Any CPU
		{D09F34D0-DF22-4F59-BD25-9D8B20B41241}.Release|Any CPU.ActiveCfg = Release|Any CPU
		{D09F34D0-DF22-4F59-BD25-9D8B20B41241}.Release|Any CPU.Build.0 = Release|Any CPU
		{D09F34D0-DF22-4F59-BD25-9D8B20B41241}.Release|x64.ActiveCfg = Release|Any CPU
		{D09F34D0-DF22-4F59-BD25-9D8B20B41241}.Release|x64.Build.0 = Release|Any CPU
		{D09F34D0-DF22-4F59-BD25-9D8B20B41241}.Release|x86.ActiveCfg = Release|Any CPU
		{D09F34D0-DF22-4F59-BD25-9D8B20B41241}.Release|x86.Build.0 = Release|Any CPU
		{3A1F5EC8-C14E-3BA5-EE44-B2E721F2DA81}.Debug|Any CPU.ActiveCfg = Debug
		{3A1F5EC8-C14E-3BA5-EE44-B2E721F2DA81}.Debug|x64.ActiveCfg = Debug
		{3A1F5EC8-C14E-3BA5-EE44-B2E721F2DA81}.Debug|x86.ActiveCfg = Debug
		{3A1F5EC8-C14E-3BA5-EE44-B2E721F2DA81}.Release|Any CPU.ActiveCfg = Release
		{3A1F5EC8-C14E-3BA5-EE44-B2E721F2DA81}.Release|Any CPU.Build.0 = Release
		{3A1F5EC8-C14E-3BA5-EE44-B2E721F2DA81}.Release|x64.ActiveCfg = Release
		{3A1F5EC8-C14E-3BA5-EE44-B2E721F2DA81}.Release|x86.ActiveCfg = Release
	EndGlobalSection
	GlobalSection(SolutionProperties) = preSolution
		HideSolutionNode = FALSE
	EndGlobalSection
	GlobalSection(ExtensibilityGlobals) = postSolution
		SolutionGuid = {8A638C3E-BDFD-49B9-8DE2-9A7A5D8BCBA1}
	EndGlobalSection
EndGlobal
